
Microsoft Visual Studio Solution File, Format Version 12.00
# Visual Studio Version 17
VisualStudioVersion = 17.13.35931.197 d17.13
MinimumVisualStudioVersion = 10.0.40219.1
Project("{FAE04EC0-301F-11D3-BF4B-00C04F79EFBC}") = "Assigment", "Assigment\Assigment.csproj", "{28B18600-BCEC-4CAB-B67A-22E7B730FDBA}"
EndProject
Global
	GlobalSection(SolutionConfigurationPlatforms) = preSolution
		Debug|Any CPU = Debug|Any CPU
		Release|Any CPU = Release|Any CPU
	EndGlobalSection
	GlobalSection(ProjectConfigurationPlatforms) = postSolution
		{28B18600-BCEC-4CAB-B67A-22E7B730FDBA}.Debug|Any CPU.ActiveCfg = Debug|Any CPU
		{28B18600-BCEC-4CAB-B67A-22E7B730FDBA}.Debug|Any CPU.Build.0 = Debug|Any CPU
		{28B18600-BCEC-4CAB-B67A-22E7B730FDBA}.Release|Any CPU.ActiveCfg = Release|Any CPU
		{28B18600-BCEC-4CAB-B67A-22E7B730FDBA}.Release|Any CPU.Build.0 = Release|Any CPU
	EndGlobalSection
	GlobalSection(SolutionProperties) = preSolution
		HideSolutionNode = FALSE
	EndGlobalSection
	GlobalSection(ExtensibilityGlobals) = postSolution
		SolutionGuid = {9EBC708E-0B11-407C-B631-285501374A1C}
	EndGlobalSection
EndGlobal
